
Microsoft Visual Studio Solution File, Format Version 12.00
# Visual Studio Version 17
VisualStudioVersion = 17.5.2.0
MinimumVisualStudioVersion = 10.0.40219.1
Project("{FAE04EC0-301F-11D3-BF4B-00C04F79EFBC}") = "MonoGame.Xna.Framework.Net", "MonoGame.Xna.Framework.Net.csproj", "{820B80E2-083E-FF74-BAB2-82A0265063D2}"
EndProject
Project("{FAE04EC0-301F-11D3-BF4B-00C04F79EFBC}") = "MonoGame.Xna.Framework.Net.Steam", "Steam\MonoGame.Xna.Framework.Net.Steam.csproj", "{A1B2C3D4-E5F6-7890-ABCD-EF1234567890}"
EndProject
Project("{FAE04EC0-301F-11D3-BF4B-00C04F79EFBC}") = "MonoGame.Xna.Framework.Net.Android", "Android\MonoGame.Xna.Framework.Net.Android.csproj", "{B2C3D4E5-F607-8901-ABCD-EF1234567801}"
EndProject
Project("{FAE04EC0-301F-11D3-BF4B-00C04F79EFBC}") = "MonoGame.Xna.Framework.Net.Tests", "Tests\MonoGame.Xna.Framework.Net.Tests.csproj", "{0FCF5874-4B4D-6344-29C1-DEDA757ECEAF}"
EndProject
Project("{2150E333-8FDC-42A3-9474-1A3956D46DE8}") = "iOS", "iOS", "{26BE6C6E-78AE-0444-01C2-37D682E32872}"
EndProject
Project("{FAE04EC0-301F-11D3-BF4B-00C04F79EFBC}") = "MonoGame.Xna.Framework.Net.iOS", "iOS\MonoGame.Xna.Framework.Net.iOS.csproj", "{5D66EE28-4DC4-472C-8808-DE0B93DAA11C}"
EndProject
Project("{2150E333-8FDC-42A3-9474-1A3956D46DE8}") = "Tests", "Tests", "{0AB3BF05-4346-4AA6-1389-037BE0695223}"
EndProject
Project("{2150E333-8FDC-42A3-9474-1A3956D46DE8}") = "Android", "Android", "{35831CD1-CCBA-A76A-4780-F3D2A0348609}"
EndProject
Project("{FAE04EC0-301F-11D3-BF4B-00C04F79EFBC}") = "MonoGame.Xna.Framework.Net.Android.Tests", "Tests\Android\MonoGame.Xna.Framework.Net.Android.Tests.csproj", "{E933ACAF-A34E-4E8F-888F-1C3B682A4142}"
EndProject
Project("{2150E333-8FDC-42A3-9474-1A3956D46DE8}") = "iOS", "iOS", "{FB930E75-7F68-B68E-86C0-CC3A5AE877E5}"
EndProject
Project("{FAE04EC0-301F-11D3-BF4B-00C04F79EFBC}") = "MonoGame.Xna.Framework.Net.iOS.Tests", "Tests\iOS\MonoGame.Xna.Framework.Net.iOS.Tests.csproj", "{D5DAEC1A-108E-4AB7-B0EE-BD5710D2D937}"
EndProject
Project("{2150E333-8FDC-42A3-9474-1A3956D46DE8}") = "Steam", "Steam", "{89E73ABF-9355-06F0-0AFF-6A43CF9A7136}"
EndProject
Project("{FAE04EC0-301F-11D3-BF4B-00C04F79EFBC}") = "MonoGame.Xna.Framework.Net.Steam.Tests", "Tests\Steam\MonoGame.Xna.Framework.Net.Steam.Tests.csproj", "{8C9F0614-16AC-455B-991E-D87A76048A04}"
EndProject
Global
	GlobalSection(SolutionConfigurationPlatforms) = preSolution
		Debug|Any CPU = Debug|Any CPU
		Debug|x64 = Debug|x64
		Debug|x86 = Debug|x86
		Release|Any CPU = Release|Any CPU
		Release|x64 = Release|x64
		Release|x86 = Release|x86
	EndGlobalSection
	GlobalSection(ProjectConfigurationPlatforms) = postSolution
		{820B80E2-083E-FF74-BAB2-82A0265063D2}.Debug|Any CPU.ActiveCfg = Debug|Any CPU
		{820B80E2-083E-FF74-BAB2-82A0265063D2}.Debug|Any CPU.Build.0 = Debug|Any CPU
		{820B80E2-083E-FF74-BAB2-82A0265063D2}.Debug|x64.ActiveCfg = Debug|Any CPU
		{820B80E2-083E-FF74-BAB2-82A0265063D2}.Debug|x64.Build.0 = Debug|Any CPU
		{820B80E2-083E-FF74-BAB2-82A0265063D2}.Debug|x86.ActiveCfg = Debug|Any CPU
		{820B80E2-083E-FF74-BAB2-82A0265063D2}.Debug|x86.Build.0 = Debug|Any CPU
		{820B80E2-083E-FF74-BAB2-82A0265063D2}.Release|Any CPU.ActiveCfg = Release|Any CPU
		{820B80E2-083E-FF74-BAB2-82A0265063D2}.Release|Any CPU.Build.0 = Release|Any CPU
		{820B80E2-083E-FF74-BAB2-82A0265063D2}.Release|x64.ActiveCfg = Release|Any CPU
		{820B80E2-083E-FF74-BAB2-82A0265063D2}.Release|x64.Build.0 = Release|Any CPU
		{820B80E2-083E-FF74-BAB2-82A0265063D2}.Release|x86.ActiveCfg = Release|Any CPU
		{820B80E2-083E-FF74-BAB2-82A0265063D2}.Release|x86.Build.0 = Release|Any CPU
		{A1B2C3D4-E5F6-7890-ABCD-EF1234567890}.Debug|Any CPU.ActiveCfg = Debug|Any CPU
		{A1B2C3D4-E5F6-7890-ABCD-EF1234567890}.Debug|Any CPU.Build.0 = Debug|Any CPU
		{A1B2C3D4-E5F6-7890-ABCD-EF1234567890}.Debug|x64.ActiveCfg = Debug|Any CPU
		{A1B2C3D4-E5F6-7890-ABCD-EF1234567890}.Debug|x64.Build.0 = Debug|Any CPU
		{A1B2C3D4-E5F6-7890-ABCD-EF1234567890}.Debug|x86.ActiveCfg = Debug|Any CPU
		{A1B2C3D4-E5F6-7890-ABCD-EF1234567890}.Debug|x86.Build.0 = Debug|Any CPU
		{A1B2C3D4-E5F6-7890-ABCD-EF1234567890}.Release|Any CPU.ActiveCfg = Release|Any CPU
		{A1B2C3D4-E5F6-7890-ABCD-EF1234567890}.Release|Any CPU.Build.0 = Release|Any CPU
		{A1B2C3D4-E5F6-7890-ABCD-EF1234567890}.Release|x64.ActiveCfg = Release|Any CPU
		{A1B2C3D4-E5F6-7890-ABCD-EF1234567890}.Release|x64.Build.0 = Release|Any CPU
		{A1B2C3D4-E5F6-7890-ABCD-EF1234567890}.Release|x86.ActiveCfg = Release|Any CPU
		{A1B2C3D4-E5F6-7890-ABCD-EF1234567890}.Release|x86.Build.0 = Release|Any CPU
		{B2C3D4E5-F607-8901-ABCD-EF1234567801}.Debug|Any CPU.ActiveCfg = Debug|Any CPU
		{B2C3D4E5-F607-8901-ABCD-EF1234567801}.Debug|Any CPU.Build.0 = Debug|Any CPU
		{B2C3D4E5-F607-8901-ABCD-EF1234567801}.Debug|x64.ActiveCfg = Debug|Any CPU
		{B2C3D4E5-F607-8901-ABCD-EF1234567801}.Debug|x64.Build.0 = Debug|Any CPU
		{B2C3D4E5-F607-8901-ABCD-EF1234567801}.Debug|x86.ActiveCfg = Debug|Any CPU
		{B2C3D4E5-F607-8901-ABCD-EF1234567801}.Debug|x86.Build.0 = Debug|Any CPU
		{B2C3D4E5-F607-8901-ABCD-EF1234567801}.Release|Any CPU.ActiveCfg = Release|Any CPU
		{B2C3D4E5-F607-8901-ABCD-EF1234567801}.Release|Any CPU.Build.0 = Release|Any CPU
		{B2C3D4E5-F607-8901-ABCD-EF1234567801}.Release|x64.ActiveCfg = Release|Any CPU
		{B2C3D4E5-F607-8901-ABCD-EF1234567801}.Release|x64.Build.0 = Release|Any CPU
		{B2C3D4E5-F607-8901-ABCD-EF1234567801}.Release|x86.ActiveCfg = Release|Any CPU
		{B2C3D4E5-F607-8901-ABCD-EF1234567801}.Release|x86.Build.0 = Release|Any CPU
		{0FCF5874-4B4D-6344-29C1-DEDA757ECEAF}.Debug|Any CPU.ActiveCfg = Debug|Any CPU
		{0FCF5874-4B4D-6344-29C1-DEDA757ECEAF}.Debug|Any CPU.Build.0 = Debug|Any CPU
		{0FCF5874-4B4D-6344-29C1-DEDA757ECEAF}.Debug|x64.ActiveCfg = Debug|Any CPU
		{0FCF5874-4B4D-6344-29C1-DEDA757ECEAF}.Debug|x64.Build.0 = Debug|Any CPU
		{0FCF5874-4B4D-6344-29C1-DEDA757ECEAF}.Debug|x86.ActiveCfg = Debug|Any CPU
		{0FCF5874-4B4D-6344-29C1-DEDA757ECEAF}.Debug|x86.Build.0 = Debug|Any CPU
		{0FCF5874-4B4D-6344-29C1-DEDA757ECEAF}.Release|Any CPU.ActiveCfg = Release|Any CPU
		{0FCF5874-4B4D-6344-29C1-DEDA757ECEAF}.Release|Any CPU.Build.0 = Release|Any CPU
		{0FCF5874-4B4D-6344-29C1-DEDA757ECEAF}.Release|x64.ActiveCfg = Release|Any CPU
		{0FCF5874-4B4D-6344-29C1-DEDA757ECEAF}.Release|x64.Build.0 = Release|Any CPU
		{0FCF5874-4B4D-6344-29C1-DEDA757ECEAF}.Release|x86.ActiveCfg = Release|Any CPU
		{0FCF5874-4B4D-6344-29C1-DEDA757ECEAF}.Release|x86.Build.0 = Release|Any CPU
		{5D66EE28-4DC4-472C-8808-DE0B93DAA11C}.Debug|Any CPU.ActiveCfg = Debug|Any CPU
		{5D66EE28-4DC4-472C-8808-DE0B93DAA11C}.Debug|Any CPU.Build.0 = Debug|Any CPU
		{5D66EE28-4DC4-472C-8808-DE0B93DAA11C}.Debug|x64.ActiveCfg = Debug|Any CPU
		{5D66EE28-4DC4-472C-8808-DE0B93DAA11C}.Debug|x64.Build.0 = Debug|Any CPU
		{5D66EE28-4DC4-472C-8808-DE0B93DAA11C}.Debug|x86.ActiveCfg = Debug|Any CPU
		{5D66EE28-4DC4-472C-8808-DE0B93DAA11C}.Debug|x86.Build.0 = Debug|Any CPU
		{5D66EE28-4DC4-472C-8808-DE0B93DAA11C}.Release|Any CPU.ActiveCfg = Release|Any CPU
		{5D66EE28-4DC4-472C-8808-DE0B93DAA11C}.Release|Any CPU.Build.0 = Release|Any CPU
		{5D66EE28-4DC4-472C-8808-DE0B93DAA11C}.Release|x64.ActiveCfg = Release|Any CPU
		{5D66EE28-4DC4-472C-8808-DE0B93DAA11C}.Release|x64.Build.0 = Release|Any CPU
		{5D66EE28-4DC4-472C-8808-DE0B93DAA11C}.Release|x86.ActiveCfg = Release|Any CPU
		{5D66EE28-4DC4-472C-8808-DE0B93DAA11C}.Release|x86.Build.0 = Release|Any CPU
		{E933ACAF-A34E-4E8F-888F-1C3B682A4142}.Debug|Any CPU.ActiveCfg = Debug|Any CPU
		{E933ACAF-A34E-4E8F-888F-1C3B682A4142}.Debug|Any CPU.Build.0 = Debug|Any CPU
		{E933ACAF-A34E-4E8F-888F-1C3B682A4142}.Debug|x64.ActiveCfg = Debug|Any CPU
		{E933ACAF-A34E-4E8F-888F-1C3B682A4142}.Debug|x64.Build.0 = Debug|Any CPU
		{E933ACAF-A34E-4E8F-888F-1C3B682A4142}.Debug|x86.ActiveCfg = Debug|Any CPU
		{E933ACAF-A34E-4E8F-888F-1C3B682A4142}.Debug|x86.Build.0 = Debug|Any CPU
		{E933ACAF-A34E-4E8F-888F-1C3B682A4142}.Release|Any CPU.ActiveCfg = Release|Any CPU
		{E933ACAF-A34E-4E8F-888F-1C3B682A4142}.Release|Any CPU.Build.0 = Release|Any CPU
		{E933ACAF-A34E-4E8F-888F-1C3B682A4142}.Release|x64.ActiveCfg = Release|Any CPU
		{E933ACAF-A34E-4E8F-888F-1C3B682A4142}.Release|x64.Build.0 = Release|Any CPU
		{E933ACAF-A34E-4E8F-888F-1C3B682A4142}.Release|x86.ActiveCfg = Release|Any CPU
		{E933ACAF-A34E-4E8F-888F-1C3B682A4142}.Release|x86.Build.0 = Release|Any CPU
		{D5DAEC1A-108E-4AB7-B0EE-BD5710D2D937}.Debug|Any CPU.ActiveCfg = Debug|Any CPU
		{D5DAEC1A-108E-4AB7-B0EE-BD5710D2D937}.Debug|Any CPU.Build.0 = Debug|Any CPU
		{D5DAEC1A-108E-4AB7-B0EE-BD5710D2D937}.Debug|x64.ActiveCfg = Debug|Any CPU
		{D5DAEC1A-108E-4AB7-B0EE-BD5710D2D937}.Debug|x64.Build.0 = Debug|Any CPU
		{D5DAEC1A-108E-4AB7-B0EE-BD5710D2D937}.Debug|x86.ActiveCfg = Debug|Any CPU
		{D5DAEC1A-108E-4AB7-B0EE-BD5710D2D937}.Debug|x86.Build.0 = Debug|Any CPU
		{D5DAEC1A-108E-4AB7-B0EE-BD5710D2D937}.Release|Any CPU.ActiveCfg = Release|Any CPU
		{D5DAEC1A-108E-4AB7-B0EE-BD5710D2D937}.Release|Any CPU.Build.0 = Release|Any CPU
		{D5DAEC1A-108E-4AB7-B0EE-BD5710D2D937}.Release|x64.ActiveCfg = Release|Any CPU
		{D5DAEC1A-108E-4AB7-B0EE-BD5710D2D937}.Release|x64.Build.0 = Release|Any CPU
		{D5DAEC1A-108E-4AB7-B0EE-BD5710D2D937}.Release|x86.ActiveCfg = Release|Any CPU
		{D5DAEC1A-108E-4AB7-B0EE-BD5710D2D937}.Release|x86.Build.0 = Release|Any CPU
		{8C9F0614-16AC-455B-991E-D87A76048A04}.Debug|Any CPU.ActiveCfg = Debug|Any CPU
		{8C9F0614-16AC-455B-991E-D87A76048A04}.Debug|Any CPU.Build.0 = Debug|Any CPU
		{8C9F0614-16AC-455B-991E-D87A76048A04}.Debug|x64.ActiveCfg = Debug|Any CPU
		{8C9F0614-16AC-455B-991E-D87A76048A04}.Debug|x64.Build.0 = Debug|Any CPU
		{8C9F0614-16AC-455B-991E-D87A76048A04}.Debug|x86.ActiveCfg = Debug|Any CPU
		{8C9F0614-16AC-455B-991E-D87A76048A04}.Debug|x86.Build.0 = Debug|Any CPU
		{8C9F0614-16AC-455B-991E-D87A76048A04}.Release|Any CPU.ActiveCfg = Release|Any CPU
		{8C9F0614-16AC-455B-991E-D87A76048A04}.Release|Any CPU.Build.0 = Release|Any CPU
		{8C9F0614-16AC-455B-991E-D87A76048A04}.Release|x64.ActiveCfg = Release|Any CPU
		{8C9F0614-16AC-455B-991E-D87A76048A04}.Release|x64.Build.0 = Release|Any CPU
		{8C9F0614-16AC-455B-991E-D87A76048A04}.Release|x86.ActiveCfg = Release|Any CPU
		{8C9F0614-16AC-455B-991E-D87A76048A04}.Release|x86.Build.0 = Release|Any CPU
	EndGlobalSection
	GlobalSection(SolutionProperties) = preSolution
		HideSolutionNode = FALSE
	EndGlobalSection
	GlobalSection(NestedProjects) = preSolution
		{5D66EE28-4DC4-472C-8808-DE0B93DAA11C} = {26BE6C6E-78AE-0444-01C2-37D682E32872}
		{35831CD1-CCBA-A76A-4780-F3D2A0348609} = {0AB3BF05-4346-4AA6-1389-037BE0695223}
		{E933ACAF-A34E-4E8F-888F-1C3B682A4142} = {35831CD1-CCBA-A76A-4780-F3D2A0348609}
		{FB930E75-7F68-B68E-86C0-CC3A5AE877E5} = {0AB3BF05-4346-4AA6-1389-037BE0695223}
		{D5DAEC1A-108E-4AB7-B0EE-BD5710D2D937} = {FB930E75-7F68-B68E-86C0-CC3A5AE877E5}
		{89E73ABF-9355-06F0-0AFF-6A43CF9A7136} = {0AB3BF05-4346-4AA6-1389-037BE0695223}
		{8C9F0614-16AC-455B-991E-D87A76048A04} = {89E73ABF-9355-06F0-0AFF-6A43CF9A7136}
	EndGlobalSection
	GlobalSection(ExtensibilityGlobals) = postSolution
		SolutionGuid = {30F96BFA-F238-4F05-B227-45D68B4EE0BF}
	EndGlobalSection
EndGlobal
